
Microsoft Visual Studio Solution File, Format Version 12.00
# Visual Studio Version 17
VisualStudioVersion = 17.12.35707.178 d17.12
MinimumVisualStudioVersion = 10.0.40219.1
Project("{FAE04EC0-301F-11D3-BF4B-00C04F79EFBC}") = "01_WebApi", "webApi\01_WebApi.csproj", "{17FF993E-99DA-4E5A-AAA5-93C1CD3846F8}"
EndProject
Project("{FAE04EC0-301F-11D3-BF4B-00C04F79EFBC}") = "03_Core", "01_Core\03_Core.csproj", "{D44A43B7-A5D2-4390-813D-2523282E6197}"
EndProject
Project("{FAE04EC0-301F-11D3-BF4B-00C04F79EFBC}") = "02_Application", "02_Application\02_Application.csproj", "{414A51EF-ADD0-4FAA-AD45-300ABC6E764F}"
EndProject
Project("{FAE04EC0-301F-11D3-BF4B-00C04F79EFBC}") = "04_UnitTest", "04_UnitTest\04_UnitTest.csproj", "{328395E3-3F4C-4BFE-9061-C3F877B7B899}"
EndProject
Global
	GlobalSection(SolutionConfigurationPlatforms) = preSolution
		Debug|Any CPU = Debug|Any CPU
		Release|Any CPU = Release|Any CPU
	EndGlobalSection
	GlobalSection(ProjectConfigurationPlatforms) = postSolution
		{17FF993E-99DA-4E5A-AAA5-93C1CD3846F8}.Debug|Any CPU.ActiveCfg = Debug|Any CPU
		{17FF993E-99DA-4E5A-AAA5-93C1CD3846F8}.Debug|Any CPU.Build.0 = Debug|Any CPU
		{17FF993E-99DA-4E5A-AAA5-93C1CD3846F8}.Release|Any CPU.ActiveCfg = Release|Any CPU
		{17FF993E-99DA-4E5A-AAA5-93C1CD3846F8}.Release|Any CPU.Build.0 = Release|Any CPU
		{D44A43B7-A5D2-4390-813D-2523282E6197}.Debug|Any CPU.ActiveCfg = Debug|Any CPU
		{D44A43B7-A5D2-4390-813D-2523282E6197}.Debug|Any CPU.Build.0 = Debug|Any CPU
		{D44A43B7-A5D2-4390-813D-2523282E6197}.Release|Any CPU.ActiveCfg = Release|Any CPU
		{D44A43B7-A5D2-4390-813D-2523282E6197}.Release|Any CPU.Build.0 = Release|Any CPU
		{414A51EF-ADD0-4FAA-AD45-300ABC6E764F}.Debug|Any CPU.ActiveCfg = Debug|Any CPU
		{414A51EF-ADD0-4FAA-AD45-300ABC6E764F}.Debug|Any CPU.Build.0 = Debug|Any CPU
		{414A51EF-ADD0-4FAA-AD45-300ABC6E764F}.Release|Any CPU.ActiveCfg = Release|Any CPU
		{414A51EF-ADD0-4FAA-AD45-300ABC6E764F}.Release|Any CPU.Build.0 = Release|Any CPU
		{328395E3-3F4C-4BFE-9061-C3F877B7B899}.Debug|Any CPU.ActiveCfg = Debug|Any CPU
		{328395E3-3F4C-4BFE-9061-C3F877B7B899}.Debug|Any CPU.Build.0 = Debug|Any CPU
		{328395E3-3F4C-4BFE-9061-C3F877B7B899}.Release|Any CPU.ActiveCfg = Release|Any CPU
		{328395E3-3F4C-4BFE-9061-C3F877B7B899}.Release|Any CPU.Build.0 = Release|Any CPU
	EndGlobalSection
	GlobalSection(SolutionProperties) = preSolution
		HideSolutionNode = FALSE
	EndGlobalSection
EndGlobal
